
Microsoft Visual Studio Solution File, Format Version 12.00
# Visual Studio Version 17
VisualStudioVersion = 17.11.35208.52
MinimumVisualStudioVersion = 10.0.40219.1
Project("{FAE04EC0-301F-11D3-BF4B-00C04F79EFBC}") = "ElectronicaProduct1", "ElectronicaProduct1\ElectronicaProduct1.csproj", "{127F6833-07A0-4A88-93EC-8C071EA3FC36}"
EndProject
Global
	GlobalSection(SolutionConfigurationPlatforms) = preSolution
		Debug|Any CPU = Debug|Any CPU
		Release|Any CPU = Release|Any CPU
	EndGlobalSection
	GlobalSection(ProjectConfigurationPlatforms) = postSolution
		{127F6833-07A0-4A88-93EC-8C071EA3FC36}.Debug|Any CPU.ActiveCfg = Debug|Any CPU
		{127F6833-07A0-4A88-93EC-8C071EA3FC36}.Debug|Any CPU.Build.0 = Debug|Any CPU
		{127F6833-07A0-4A88-93EC-8C071EA3FC36}.Release|Any CPU.ActiveCfg = Release|Any CPU
		{127F6833-07A0-4A88-93EC-8C071EA3FC36}.Release|Any CPU.Build.0 = Release|Any CPU
	EndGlobalSection
	GlobalSection(SolutionProperties) = preSolution
		HideSolutionNode = FALSE
	EndGlobalSection
	GlobalSection(ExtensibilityGlobals) = postSolution
		SolutionGuid = {66856A0A-A274-4996-907A-E80426B59F5A}
	EndGlobalSection
EndGlobal
